// !$*UTF8*$!
{
	archiveVersion = 1;
	classes = {
	};
	objectVersion = 46;
	objects = {

/* Begin PBXBuildFile section */
		9E5B110911479EB18B502D6B /* Pods_Randopaper.framework in Frameworks */ = {isa = PBXBuildFile; fileRef = 6A445B4C7110C473BCE62724 /* Pods_Randopaper.framework */; };
		B09236841D9763EB00FEB886 /* AppDelegate.swift in Sources */ = {isa = PBXBuildFile; fileRef = B09236831D9763EB00FEB886 /* AppDelegate.swift */; };
		B09236861D9763EB00FEB886 /* Assets.xcassets in Resources */ = {isa = PBXBuildFile; fileRef = B09236851D9763EB00FEB886 /* Assets.xcassets */; };
		B09236891D9763EB00FEB886 /* MainMenu.xib in Resources */ = {isa = PBXBuildFile; fileRef = B09236871D9763EB00FEB886 /* MainMenu.xib */; };
		B09236921D976AA900FEB886 /* RandopaperViewController.swift in Sources */ = {isa = PBXBuildFile; fileRef = B09236901D976AA900FEB886 /* RandopaperViewController.swift */; };
		B09236931D976AA900FEB886 /* RandopaperViewController.xib in Resources */ = {isa = PBXBuildFile; fileRef = B09236911D976AA900FEB886 /* RandopaperViewController.xib */; };
/* End PBXBuildFile section */

/* Begin PBXFileReference section */
		0DAC46AE638143C6374C6460 /* Pods-Randopaper.debug.xcconfig */ = {isa = PBXFileReference; includeInIndex = 1; lastKnownFileType = text.xcconfig; name = "Pods-Randopaper.debug.xcconfig"; path = "Pods/Target Support Files/Pods-Randopaper/Pods-Randopaper.debug.xcconfig"; sourceTree = "<group>"; };
		6A445B4C7110C473BCE62724 /* Pods_Randopaper.framework */ = {isa = PBXFileReference; explicitFileType = wrapper.framework; includeInIndex = 0; path = Pods_Randopaper.framework; sourceTree = BUILT_PRODUCTS_DIR; };
		937E8BE706AFC1077950783E /* Pods-Randopaper.release.xcconfig */ = {isa = PBXFileReference; includeInIndex = 1; lastKnownFileType = text.xcconfig; name = "Pods-Randopaper.release.xcconfig"; path = "Pods/Target Support Files/Pods-Randopaper/Pods-Randopaper.release.xcconfig"; sourceTree = "<group>"; };
		B09236801D9763EB00FEB886 /* RandoPaper.app */ = {isa = PBXFileReference; explicitFileType = wrapper.application; includeInIndex = 0; path = RandoPaper.app; sourceTree = BUILT_PRODUCTS_DIR; };
		B09236831D9763EB00FEB886 /* AppDelegate.swift */ = {isa = PBXFileReference; lastKnownFileType = sourcecode.swift; path = AppDelegate.swift; sourceTree = "<group>"; };
		B09236851D9763EB00FEB886 /* Assets.xcassets */ = {isa = PBXFileReference; lastKnownFileType = folder.assetcatalog; path = Assets.xcassets; sourceTree = "<group>"; };
		B09236881D9763EB00FEB886 /* Base */ = {isa = PBXFileReference; lastKnownFileType = file.xib; name = Base; path = Base.lproj/MainMenu.xib; sourceTree = "<group>"; };
		B092368A1D9763EB00FEB886 /* Info.plist */ = {isa = PBXFileReference; lastKnownFileType = text.plist.xml; path = Info.plist; sourceTree = "<group>"; };
		B09236901D976AA900FEB886 /* RandopaperViewController.swift */ = {isa = PBXFileReference; fileEncoding = 4; lastKnownFileType = sourcecode.swift; path = RandopaperViewController.swift; sourceTree = "<group>"; };
		B09236911D976AA900FEB886 /* RandopaperViewController.xib */ = {isa = PBXFileReference; fileEncoding = 4; lastKnownFileType = file.xib; path = RandopaperViewController.xib; sourceTree = "<group>"; };
/* End PBXFileReference section */

/* Begin PBXFrameworksBuildPhase section */
		B092367D1D9763EB00FEB886 /* Frameworks */ = {
			isa = PBXFrameworksBuildPhase;
			buildActionMask = 2147483647;
			files = (
				9E5B110911479EB18B502D6B /* Pods_Randopaper.framework in Frameworks */,
			);
			runOnlyForDeploymentPostprocessing = 0;
		};
/* End PBXFrameworksBuildPhase section */

/* Begin PBXGroup section */
		615FA2BD4D24DAF517653A32 /* Pods */ = {
			isa = PBXGroup;
			children = (
				0DAC46AE638143C6374C6460 /* Pods-Randopaper.debug.xcconfig */,
				937E8BE706AFC1077950783E /* Pods-Randopaper.release.xcconfig */,
			);
			name = Pods;
			sourceTree = "<group>";
		};
		B09236771D9763EB00FEB886 = {
			isa = PBXGroup;
			children = (
				B09236821D9763EB00FEB886 /* RandoPaper */,
				B09236811D9763EB00FEB886 /* Products */,
				615FA2BD4D24DAF517653A32 /* Pods */,
				B60F7DA58CC174C0573CA3C6 /* Frameworks */,
			);
			sourceTree = "<group>";
		};
		B09236811D9763EB00FEB886 /* Products */ = {
			isa = PBXGroup;
			children = (
				B09236801D9763EB00FEB886 /* RandoPaper.app */,
			);
			name = Products;
			sourceTree = "<group>";
		};
		B09236821D9763EB00FEB886 /* RandoPaper */ = {
			isa = PBXGroup;
			children = (
				B09236831D9763EB00FEB886 /* AppDelegate.swift */,
				B09236901D976AA900FEB886 /* RandopaperViewController.swift */,
				B09236911D976AA900FEB886 /* RandopaperViewController.xib */,
				B09236851D9763EB00FEB886 /* Assets.xcassets */,
				B09236871D9763EB00FEB886 /* MainMenu.xib */,
				B092368A1D9763EB00FEB886 /* Info.plist */,
			);
			name = RandoPaper;
			path = Randopaper;
			sourceTree = "<group>";
		};
		B60F7DA58CC174C0573CA3C6 /* Frameworks */ = {
			isa = PBXGroup;
			children = (
				6A445B4C7110C473BCE62724 /* Pods_Randopaper.framework */,
			);
			name = Frameworks;
			sourceTree = "<group>";
		};
/* End PBXGroup section */

/* Begin PBXNativeTarget section */
		B092367F1D9763EB00FEB886 /* Randopaper */ = {
			isa = PBXNativeTarget;
			buildConfigurationList = B092368D1D9763EB00FEB886 /* Build configuration list for PBXNativeTarget "Randopaper" */;
			buildPhases = (
				F44DC32DE0AABFA2886C0772 /* [CP] Check Pods Manifest.lock */,
				B092367C1D9763EB00FEB886 /* Sources */,
				B092367D1D9763EB00FEB886 /* Frameworks */,
				B092367E1D9763EB00FEB886 /* Resources */,
				7F1DE3126C608B1EF47E953B /* [CP] Embed Pods Frameworks */,
				8CE24E001E61FE3D0D0EDBC7 /* [CP] Copy Pods Resources */,
			);
			buildRules = (
			);
			dependencies = (
			);
			name = Randopaper;
			productName = Randopaper;
			productReference = B09236801D9763EB00FEB886 /* RandoPaper.app */;
			productType = "com.apple.product-type.application";
		};
/* End PBXNativeTarget section */

/* Begin PBXProject section */
		B09236781D9763EB00FEB886 /* Project object */ = {
			isa = PBXProject;
			attributes = {
				LastSwiftUpdateCheck = 0800;
				LastUpgradeCheck = 0800;
				ORGANIZATIONNAME = "Avrenli Design";
				TargetAttributes = {
					B092367F1D9763EB00FEB886 = {
						CreatedOnToolsVersion = 8.0;
						LastSwiftMigration = 0800;
						ProvisioningStyle = Automatic;
					};
				};
			};
			buildConfigurationList = B092367B1D9763EB00FEB886 /* Build configuration list for PBXProject "RandoPaper" */;
			compatibilityVersion = "Xcode 3.2";
			developmentRegion = English;
			hasScannedForEncodings = 0;
			knownRegions = (
				en,
				Base,
			);
			mainGroup = B09236771D9763EB00FEB886;
			productRefGroup = B09236811D9763EB00FEB886 /* Products */;
			projectDirPath = "";
			projectRoot = "";
			targets = (
				B092367F1D9763EB00FEB886 /* Randopaper */,
			);
		};
/* End PBXProject section */

/* Begin PBXResourcesBuildPhase section */
		B092367E1D9763EB00FEB886 /* Resources */ = {
			isa = PBXResourcesBuildPhase;
			buildActionMask = 2147483647;
			files = (
				B09236931D976AA900FEB886 /* RandopaperViewController.xib in Resources */,
				B09236861D9763EB00FEB886 /* Assets.xcassets in Resources */,
				B09236891D9763EB00FEB886 /* MainMenu.xib in Resources */,
			);
			runOnlyForDeploymentPostprocessing = 0;
		};
/* End PBXResourcesBuildPhase section */

/* Begin PBXShellScriptBuildPhase section */
		7F1DE3126C608B1EF47E953B /* [CP] Embed Pods Frameworks */ = {
			isa = PBXShellScriptBuildPhase;
			buildActionMask = 2147483647;
			files = (
			);
			inputPaths = (
			);
			name = "[CP] Embed Pods Frameworks";
			outputPaths = (
			);
			runOnlyForDeploymentPostprocessing = 0;
			shellPath = /bin/sh;
			shellScript = "\"${SRCROOT}/Pods/Target Support Files/Pods-Randopaper/Pods-Randopaper-frameworks.sh\"\n";
			showEnvVarsInLog = 0;
		};
		8CE24E001E61FE3D0D0EDBC7 /* [CP] Copy Pods Resources */ = {
			isa = PBXShellScriptBuildPhase;
			buildActionMask = 2147483647;
			files = (
			);
			inputPaths = (
			);
			name = "[CP] Copy Pods Resources";
			outputPaths = (
			);
			runOnlyForDeploymentPostprocessing = 0;
			shellPath = /bin/sh;
			shellScript = "\"${SRCROOT}/Pods/Target Support Files/Pods-Randopaper/Pods-Randopaper-resources.sh\"\n";
			showEnvVarsInLog = 0;
		};
		F44DC32DE0AABFA2886C0772 /* [CP] Check Pods Manifest.lock */ = {
			isa = PBXShellScriptBuildPhase;
			buildActionMask = 2147483647;
			files = (
			);
			inputPaths = (
			);
			name = "[CP] Check Pods Manifest.lock";
			outputPaths = (
			);
			runOnlyForDeploymentPostprocessing = 0;
			shellPath = /bin/sh;
			shellScript = "diff \"${PODS_ROOT}/../Podfile.lock\" \"${PODS_ROOT}/Manifest.lock\" > /dev/null\nif [[ $? != 0 ]] ; then\n    cat << EOM\nerror: The sandbox is not in sync with the Podfile.lock. Run 'pod install' or update your CocoaPods installation.\nEOM\n    exit 1\nfi\n";
			showEnvVarsInLog = 0;
		};
/* End PBXShellScriptBuildPhase section */

/* Begin PBXSourcesBuildPhase section */
		B092367C1D9763EB00FEB886 /* Sources */ = {
			isa = PBXSourcesBuildPhase;
			buildActionMask = 2147483647;
			files = (
				B09236921D976AA900FEB886 /* RandopaperViewController.swift in Sources */,
				B09236841D9763EB00FEB886 /* AppDelegate.swift in Sources */,
			);
			runOnlyForDeploymentPostprocessing = 0;
		};
/* End PBXSourcesBuildPhase section */

/* Begin PBXVariantGroup section */
		B09236871D9763EB00FEB886 /* MainMenu.xib */ = {
			isa = PBXVariantGroup;
			children = (
				B09236881D9763EB00FEB886 /* Base */,
			);
			name = MainMenu.xib;
			sourceTree = "<group>";
		};
/* End PBXVariantGroup section */

/* Begin XCBuildConfiguration section */
		B092368B1D9763EB00FEB886 /* Debug */ = {
			isa = XCBuildConfiguration;
			buildSettings = {
				ALWAYS_SEARCH_USER_PATHS = NO;
				CLANG_ANALYZER_NONNULL = YES;
				CLANG_CXX_LANGUAGE_STANDARD = "gnu++0x";
				CLANG_CXX_LIBRARY = "libc++";
				CLANG_ENABLE_MODULES = YES;
				CLANG_ENABLE_OBJC_ARC = YES;
				CLANG_WARN_BOOL_CONVERSION = YES;
				CLANG_WARN_CONSTANT_CONVERSION = YES;
				CLANG_WARN_DIRECT_OBJC_ISA_USAGE = YES_ERROR;
				CLANG_WARN_DOCUMENTATION_COMMENTS = YES;
				CLANG_WARN_EMPTY_BODY = YES;
				CLANG_WARN_ENUM_CONVERSION = YES;
				CLANG_WARN_INFINITE_RECURSION = YES;
				CLANG_WARN_INT_CONVERSION = YES;
				CLANG_WARN_OBJC_ROOT_CLASS = YES_ERROR;
				CLANG_WARN_SUSPICIOUS_MOVES = YES;
				CLANG_WARN_UNREACHABLE_CODE = YES;
				CLANG_WARN__DUPLICATE_METHOD_MATCH = YES;
				CODE_SIGN_IDENTITY = "-";
				COPY_PHASE_STRIP = NO;
				DEBUG_INFORMATION_FORMAT = dwarf;
				ENABLE_STRICT_OBJC_MSGSEND = YES;
				ENABLE_TESTABILITY = YES;
				GCC_C_LANGUAGE_STANDARD = gnu99;
				GCC_DYNAMIC_NO_PIC = NO;
				GCC_NO_COMMON_BLOCKS = YES;
				GCC_OPTIMIZATION_LEVEL = 0;
				GCC_PREPROCESSOR_DEFINITIONS = (
					"DEBUG=1",
					"$(inherited)",
				);
				GCC_WARN_64_TO_32_BIT_CONVERSION = YES;
				GCC_WARN_ABOUT_RETURN_TYPE = YES_ERROR;
				GCC_WARN_UNDECLARED_SELECTOR = YES;
				GCC_WARN_UNINITIALIZED_AUTOS = YES_AGGRESSIVE;
				GCC_WARN_UNUSED_FUNCTION = YES;
				GCC_WARN_UNUSED_VARIABLE = YES;
				MACOSX_DEPLOYMENT_TARGET = 10.12;
				MTL_ENABLE_DEBUG_INFO = YES;
				ONLY_ACTIVE_ARCH = YES;
				SDKROOT = macosx;
				SWIFT_ACTIVE_COMPILATION_CONDITIONS = DEBUG;
				SWIFT_OPTIMIZATION_LEVEL = "-Onone";
				SWIFT_VERSION = 3.0;
			};
			name = Debug;
		};
		B092368C1D9763EB00FEB886 /* Release */ = {
			isa = XCBuildConfiguration;
			buildSettings = {
				ALWAYS_SEARCH_USER_PATHS = NO;
				CLANG_ANALYZER_NONNULL = YES;
				CLANG_CXX_LANGUAGE_STANDARD = "gnu++0x";
				CLANG_CXX_LIBRARY = "libc++";
				CLANG_ENABLE_MODULES = YES;
				CLANG_ENABLE_OBJC_ARC = YES;
				CLANG_WARN_BOOL_CONVERSION = YES;
				CLANG_WARN_CONSTANT_CONVERSION = YES;
				CLANG_WARN_DIRECT_OBJC_ISA_USAGE = YES_ERROR;
				CLANG_WARN_DOCUMENTATION_COMMENTS = YES;
				CLANG_WARN_EMPTY_BODY = YES;
				CLANG_WARN_ENUM_CONVERSION = YES;
				CLANG_WARN_INFINITE_RECURSION = YES;
				CLANG_WARN_INT_CONVERSION = YES;
				CLANG_WARN_OBJC_ROOT_CLASS = YES_ERROR;
				CLANG_WARN_SUSPICIOUS_MOVES = YES;
				CLANG_WARN_UNREACHABLE_CODE = YES;
				CLANG_WARN__DUPLICATE_METHOD_MATCH = YES;
				CODE_SIGN_IDENTITY = "-";
				COPY_PHASE_STRIP = NO;
				DEBUG_INFORMATION_FORMAT = "dwarf-with-dsym";
				ENABLE_NS_ASSERTIONS = NO;
				ENABLE_STRICT_OBJC_MSGSEND = YES;
				GCC_C_LANGUAGE_STANDARD = gnu99;
				GCC_NO_COMMON_BLOCKS = YES;
				GCC_WARN_64_TO_32_BIT_CONVERSION = YES;
				GCC_WARN_ABOUT_RETURN_TYPE = YES_ERROR;
				GCC_WARN_UNDECLARED_SELECTOR = YES;
				GCC_WARN_UNINITIALIZED_AUTOS = YES_AGGRESSIVE;
				GCC_WARN_UNUSED_FUNCTION = YES;
				GCC_WARN_UNUSED_VARIABLE = YES;
				MACOSX_DEPLOYMENT_TARGET = 10.12;
				MTL_ENABLE_DEBUG_INFO = NO;
				SDKROOT = macosx;
				SWIFT_OPTIMIZATION_LEVEL = "-Owholemodule";
				SWIFT_VERSION = 3.0;
			};
			name = Release;
		};
		B092368E1D9763EB00FEB886 /* Debug */ = {
			isa = XCBuildConfiguration;
			baseConfigurationReference = 0DAC46AE638143C6374C6460 /* Pods-Randopaper.debug.xcconfig */;
			buildSettings = {
				ASSETCATALOG_COMPILER_APPICON_NAME = "AppIcon-3";
				COMBINE_HIDPI_IMAGES = YES;
				INFOPLIST_FILE = Randopaper/Info.plist;
				LD_RUNPATH_SEARCH_PATHS = "$(inherited) @executable_path/../Frameworks";
				MACOSX_DEPLOYMENT_TARGET = 10.11;
				PRODUCT_BUNDLE_IDENTIFIER = com.avrenlidesign.RandoPaper;
				PRODUCT_NAME = RandoPaper;
				SWIFT_VERSION = 3.0;
			};
			name = Debug;
		};
		B092368F1D9763EB00FEB886 /* Release */ = {
			isa = XCBuildConfiguration;
			baseConfigurationReference = 937E8BE706AFC1077950783E /* Pods-Randopaper.release.xcconfig */;
			buildSettings = {
				ASSETCATALOG_COMPILER_APPICON_NAME = "AppIcon-3";
				COMBINE_HIDPI_IMAGES = YES;
				INFOPLIST_FILE = Randopaper/Info.plist;
				LD_RUNPATH_SEARCH_PATHS = "$(inherited) @executable_path/../Frameworks";
				MACOSX_DEPLOYMENT_TARGET = 10.11;
				PRODUCT_BUNDLE_IDENTIFIER = com.avrenlidesign.RandoPaper;
				PRODUCT_NAME = RandoPaper;
				SWIFT_VERSION = 3.0;
			};
			name = Release;
		};
/* End XCBuildConfiguration section */

/* Begin XCConfigurationList section */
		B092367B1D9763EB00FEB886 /* Build configuration list for PBXProject "RandoPaper" */ = {
			isa = XCConfigurationList;
			buildConfigurations = (
				B092368B1D9763EB00FEB886 /* Debug */,
				B092368C1D9763EB00FEB886 /* Release */,
			);
			defaultConfigurationIsVisible = 0;
			defaultConfigurationName = Release;
		};
		B092368D1D9763EB00FEB886 /* Build configuration list for PBXNativeTarget "Randopaper" */ = {
			isa = XCConfigurationList;
			buildConfigurations = (
				B092368E1D9763EB00FEB886 /* Debug */,
				B092368F1D9763EB00FEB886 /* Release */,
			);
			defaultConfigurationIsVisible = 0;
			defaultConfigurationName = Release;
		};
/* End XCConfigurationList section */
	};
	rootObject = B09236781D9763EB00FEB886 /* Project object */;
}
